
Microsoft Visual Studio Solution File, Format Version 12.00
# Visual Studio Version 16
VisualStudioVersion = 16.0.30523.141
MinimumVisualStudioVersion = 10.0.40219.1
Project("{9A19103F-16F7-4668-BE54-9A1E7A4F7556}") = "BlazorApp1", "BlazorApp1.csproj", "{9F88D312-C58E-436B-BF8B-A20AEF282BE3}"
EndProject
Global
	GlobalSection(SolutionConfigurationPlatforms) = preSolution
		Debug|Any CPU = Debug|Any CPU
		Release|Any CPU = Release|Any CPU
	EndGlobalSection
	GlobalSection(ProjectConfigurationPlatforms) = postSolution
		{9F88D312-C58E-436B-BF8B-A20AEF282BE3}.Debug|Any CPU.ActiveCfg = Debug|Any CPU
		{9F88D312-C58E-436B-BF8B-A20AEF282BE3}.Debug|Any CPU.Build.0 = Debug|Any CPU
		{9F88D312-C58E-436B-BF8B-A20AEF282BE3}.Release|Any CPU.ActiveCfg = Release|Any CPU
		{9F88D312-C58E-436B-BF8B-A20AEF282BE3}.Release|Any CPU.Build.0 = Release|Any CPU
	EndGlobalSection
	GlobalSection(SolutionProperties) = preSolution
		HideSolutionNode = FALSE
	EndGlobalSection
	GlobalSection(ExtensibilityGlobals) = postSolution
		SolutionGuid = {D671D878-944A-409D-9052-E6A7781027BE}
	EndGlobalSection
EndGlobal
